
Microsoft Visual Studio Solution File, Format Version 12.00
# Visual Studio Version 17
VisualStudioVersion = 17.0.31903.59
MinimumVisualStudioVersion = 10.0.40219.1
Project("{2150E333-8FDC-42A3-9474-1A3956D46DE8}") = "src", "src", "{827E0CD3-B72D-47B6-A68D-7590B98EB39B}"
EndProject
Project("{FAE04EC0-301F-11D3-BF4B-00C04F79EFBC}") = "HttpInspector.AspNetCore", "src\HttpInspector.AspNetCore\HttpInspector.AspNetCore.csproj", "{64DA5B2F-F056-43AF-8667-AFB6BFEE4C28}"
EndProject
Project("{2150E333-8FDC-42A3-9474-1A3956D46DE8}") = "samples", "samples", "{5D20AA90-6969-D8BD-9DCD-8634F4692FDA}"
EndProject
Project("{FAE04EC0-301F-11D3-BF4B-00C04F79EFBC}") = "SampleApp", "samples\SampleApp\SampleApp.csproj", "{44CFD8DF-3572-48FE-B1E4-B4BA328BCAD0}"
EndProject
Project("{2150E333-8FDC-42A3-9474-1A3956D46DE8}") = "tests", "tests", "{0AB3BF05-4346-4AA6-1389-037BE0695223}"
EndProject
Project("{FAE04EC0-301F-11D3-BF4B-00C04F79EFBC}") = "HttpInspector.AspNetCore.Tests", "tests\HttpInspector.AspNetCore.Tests\HttpInspector.AspNetCore.Tests.csproj", "{0AC36DFD-7E5A-43B0-A482-D41BBCB0A939}"
EndProject
Global
	GlobalSection(SolutionConfigurationPlatforms) = preSolution
		Debug|Any CPU = Debug|Any CPU
		Debug|x64 = Debug|x64
		Debug|x86 = Debug|x86
		Release|Any CPU = Release|Any CPU
		Release|x64 = Release|x64
		Release|x86 = Release|x86
	EndGlobalSection
	GlobalSection(ProjectConfigurationPlatforms) = postSolution
		{64DA5B2F-F056-43AF-8667-AFB6BFEE4C28}.Debug|Any CPU.ActiveCfg = Debug|Any CPU
		{64DA5B2F-F056-43AF-8667-AFB6BFEE4C28}.Debug|Any CPU.Build.0 = Debug|Any CPU
		{64DA5B2F-F056-43AF-8667-AFB6BFEE4C28}.Debug|x64.ActiveCfg = Debug|Any CPU
		{64DA5B2F-F056-43AF-8667-AFB6BFEE4C28}.Debug|x64.Build.0 = Debug|Any CPU
		{64DA5B2F-F056-43AF-8667-AFB6BFEE4C28}.Debug|x86.ActiveCfg = Debug|Any CPU
		{64DA5B2F-F056-43AF-8667-AFB6BFEE4C28}.Debug|x86.Build.0 = Debug|Any CPU
		{64DA5B2F-F056-43AF-8667-AFB6BFEE4C28}.Release|Any CPU.ActiveCfg = Release|Any CPU
		{64DA5B2F-F056-43AF-8667-AFB6BFEE4C28}.Release|Any CPU.Build.0 = Release|Any CPU
		{64DA5B2F-F056-43AF-8667-AFB6BFEE4C28}.Release|x64.ActiveCfg = Release|Any CPU
		{64DA5B2F-F056-43AF-8667-AFB6BFEE4C28}.Release|x64.Build.0 = Release|Any CPU
		{64DA5B2F-F056-43AF-8667-AFB6BFEE4C28}.Release|x86.ActiveCfg = Release|Any CPU
		{64DA5B2F-F056-43AF-8667-AFB6BFEE4C28}.Release|x86.Build.0 = Release|Any CPU
		{44CFD8DF-3572-48FE-B1E4-B4BA328BCAD0}.Debug|Any CPU.ActiveCfg = Debug|Any CPU
		{44CFD8DF-3572-48FE-B1E4-B4BA328BCAD0}.Debug|Any CPU.Build.0 = Debug|Any CPU
		{44CFD8DF-3572-48FE-B1E4-B4BA328BCAD0}.Debug|x64.ActiveCfg = Debug|Any CPU
		{44CFD8DF-3572-48FE-B1E4-B4BA328BCAD0}.Debug|x64.Build.0 = Debug|Any CPU
		{44CFD8DF-3572-48FE-B1E4-B4BA328BCAD0}.Debug|x86.ActiveCfg = Debug|Any CPU
		{44CFD8DF-3572-48FE-B1E4-B4BA328BCAD0}.Debug|x86.Build.0 = Debug|Any CPU
		{44CFD8DF-3572-48FE-B1E4-B4BA328BCAD0}.Release|Any CPU.ActiveCfg = Release|Any CPU
		{44CFD8DF-3572-48FE-B1E4-B4BA328BCAD0}.Release|Any CPU.Build.0 = Release|Any CPU
		{44CFD8DF-3572-48FE-B1E4-B4BA328BCAD0}.Release|x64.ActiveCfg = Release|Any CPU
		{44CFD8DF-3572-48FE-B1E4-B4BA328BCAD0}.Release|x64.Build.0 = Release|Any CPU
		{44CFD8DF-3572-48FE-B1E4-B4BA328BCAD0}.Release|x86.ActiveCfg = Release|Any CPU
		{44CFD8DF-3572-48FE-B1E4-B4BA328BCAD0}.Release|x86.Build.0 = Release|Any CPU
		{0AC36DFD-7E5A-43B0-A482-D41BBCB0A939}.Debug|Any CPU.ActiveCfg = Debug|Any CPU
		{0AC36DFD-7E5A-43B0-A482-D41BBCB0A939}.Debug|Any CPU.Build.0 = Debug|Any CPU
		{0AC36DFD-7E5A-43B0-A482-D41BBCB0A939}.Debug|x64.ActiveCfg = Debug|Any CPU
		{0AC36DFD-7E5A-43B0-A482-D41BBCB0A939}.Debug|x64.Build.0 = Debug|Any CPU
		{0AC36DFD-7E5A-43B0-A482-D41BBCB0A939}.Debug|x86.ActiveCfg = Debug|Any CPU
		{0AC36DFD-7E5A-43B0-A482-D41BBCB0A939}.Debug|x86.Build.0 = Debug|Any CPU
		{0AC36DFD-7E5A-43B0-A482-D41BBCB0A939}.Release|Any CPU.ActiveCfg = Release|Any CPU
		{0AC36DFD-7E5A-43B0-A482-D41BBCB0A939}.Release|Any CPU.Build.0 = Release|Any CPU
		{0AC36DFD-7E5A-43B0-A482-D41BBCB0A939}.Release|x64.ActiveCfg = Release|Any CPU
		{0AC36DFD-7E5A-43B0-A482-D41BBCB0A939}.Release|x64.Build.0 = Release|Any CPU
		{0AC36DFD-7E5A-43B0-A482-D41BBCB0A939}.Release|x86.ActiveCfg = Release|Any CPU
		{0AC36DFD-7E5A-43B0-A482-D41BBCB0A939}.Release|x86.Build.0 = Release|Any CPU
	EndGlobalSection
	GlobalSection(SolutionProperties) = preSolution
		HideSolutionNode = FALSE
	EndGlobalSection
	GlobalSection(NestedProjects) = preSolution
		{64DA5B2F-F056-43AF-8667-AFB6BFEE4C28} = {827E0CD3-B72D-47B6-A68D-7590B98EB39B}
		{44CFD8DF-3572-48FE-B1E4-B4BA328BCAD0} = {5D20AA90-6969-D8BD-9DCD-8634F4692FDA}
		{0AC36DFD-7E5A-43B0-A482-D41BBCB0A939} = {0AB3BF05-4346-4AA6-1389-037BE0695223}
	EndGlobalSection
EndGlobal
